{
    "_meta": {
        "hash": {
            "sha256": "c3519552c85ca1e142a7df1017a2ac185e3a094522b094beb7d999991e0083dc"
        },
        "pipfile-spec": 6,
        "requires": {
            "python_version": "3.7"
        },
        "sources": [
            {
                "name": "pypi",
                "url": "https://pypi.org/simple",
                "verify_ssl": true
            }
        ]
    },
    "default": {
        "pyside2": {
            "hashes": [
                "sha256:006ac882190cb2cb8b6d1db521196710e18e4fbfffcb54e7fe4e7878b89e5644",
                "sha256:171d0e43bb241a12c98ab7ae46706af8e7929c973225d1c9abaf18a73dc3dbf0",
                "sha256:31ca082427d2104b9ab61520c0a1435ce23073e54734f3bd671b37be471da9c1",
                "sha256:379bb7125c5b6fd13f2992ba52f44015f8936e52ce38288c599bfcb8d66a963e",
                "sha256:4d948c441d609868b77bdd8cdab7ac6e595a6f15ca82dde3fd700f73445da821",
                "sha256:4f7518cfa049272ce64e43ce06cf151bdd648c6884272d480ee4b188dbffc7f2",
                "sha256:76ce97419813fcd949c841542817ba2f1e69f115b682ee9e3a07a82b784f8130",
                "sha256:99eb0afcaed70bf55582ae93b663e1c32aa76e5eeae98a3bba36b6a16319bf81",
                "sha256:9d17a32dab00851743363fc6bde1cbb4f5f979f321a4467321c70d836ae423f3",
                "sha256:d5e39cc5868e0b1415846df185a22940219bf1a5ec38a7d9be6c0cd15f413336",
                "sha256:dba738ae3cbe7f90360e0729832d741c6f74698da44614b18d44393f72745022",
                "sha256:f1b054ae5870cb3a9aec08d8eb0ff193d2a29dde0f40b947a9807bd64db647a7"
            ],
            "index": "pypi",
            "version": "==5.12.1"
        },
        "shiboken2": {
            "hashes": [
                "sha256:034ea9104506dcf1c77308a73a7840f1715054b3aaeb86c7ae8b260e6572e410",
                "sha256:479a44f3b11c5d0ba3d581470db28b0788214526b2a26e173890aef47328d945",
                "sha256:49cb68fddd8bd302c0a9eb09554a99cad1b63bfc9440dd016b4fcd300af5612a",
                "sha256:c2a2261c906065b4fb1725bb075a841c72e44e28ca642adb06663d8299d0d9fc",
                "sha256:cf10631e1970ce22b3bc40673288afd55ba9b8a0d803ab0e4ed525b4a68ef6b0",
                "sha256:f4038e97eeffea96bcae932f005a3f7772734b38928e0d44e48af654525c38e3"
            ],
            "version": "==5.12.1"
        }
    },
    "develop": {}
}
